// !$*UTF8*$!
{
	archiveVersion = 1;
	classes = {
	};
	objectVersion = 55;
	objects = {

/* Begin PBXBuildFile section */
		427626F22717F639003C558F /* DetailView.swift in Sources */ = {isa = PBXBuildFile; fileRef = 427626F12717F639003C558F /* DetailView.swift */; };
		427626F42718017D003C558F /* PaceView.swift in Sources */ = {isa = PBXBuildFile; fileRef = 427626F32718017D003C558F /* PaceView.swift */; };
		427626F627180191003C558F /* EndView.swift in Sources */ = {isa = PBXBuildFile; fileRef = 427626F527180191003C558F /* EndView.swift */; };
		427626F827180286003C558F /* SummaryView.swift in Sources */ = {isa = PBXBuildFile; fileRef = 427626F727180286003C558F /* SummaryView.swift */; };
		42EC4C352705F0110052B1CF /* AlcoholFree WatchKit App.app in Embed Watch Content */ = {isa = PBXBuildFile; fileRef = 42EC4C342705F0110052B1CF /* AlcoholFree WatchKit App.app */; settings = {ATTRIBUTES = (RemoveHeadersOnCopy, ); }; };
		42EC4C3A2705F0130052B1CF /* Assets.xcassets in Resources */ = {isa = PBXBuildFile; fileRef = 42EC4C392705F0130052B1CF /* Assets.xcassets */; };
		42EC4C402705F0130052B1CF /* AlcoholFree WatchKit Extension.appex in Embed App Extensions */ = {isa = PBXBuildFile; fileRef = 42EC4C3F2705F0130052B1CF /* AlcoholFree WatchKit Extension.appex */; settings = {ATTRIBUTES = (RemoveHeadersOnCopy, ); }; };
		42EC4C452705F0130052B1CF /* AlcoholFreeApp.swift in Sources */ = {isa = PBXBuildFile; fileRef = 42EC4C442705F0130052B1CF /* AlcoholFreeApp.swift */; };
		42EC4C472705F0130052B1CF /* ContentView.swift in Sources */ = {isa = PBXBuildFile; fileRef = 42EC4C462705F0130052B1CF /* ContentView.swift */; };
		42EC4C492705F0130052B1CF /* NotificationController.swift in Sources */ = {isa = PBXBuildFile; fileRef = 42EC4C482705F0130052B1CF /* NotificationController.swift */; };
		42EC4C4B2705F0130052B1CF /* NotificationView.swift in Sources */ = {isa = PBXBuildFile; fileRef = 42EC4C4A2705F0130052B1CF /* NotificationView.swift */; };
		42EC4C4D2705F0130052B1CF /* ComplicationController.swift in Sources */ = {isa = PBXBuildFile; fileRef = 42EC4C4C2705F0130052B1CF /* ComplicationController.swift */; };
		42EC4C4F2705F0140052B1CF /* Assets.xcassets in Resources */ = {isa = PBXBuildFile; fileRef = 42EC4C4E2705F0140052B1CF /* Assets.xcassets */; };
		42EC4C522705F0140052B1CF /* Preview Assets.xcassets in Resources */ = {isa = PBXBuildFile; fileRef = 42EC4C512705F0140052B1CF /* Preview Assets.xcassets */; };
		42EC4C5E2705F0140052B1CF /* AlcoholFreeTests.swift in Sources */ = {isa = PBXBuildFile; fileRef = 42EC4C5D2705F0140052B1CF /* AlcoholFreeTests.swift */; };
		42EC4C682705F0140052B1CF /* AlcoholFreeUITests.swift in Sources */ = {isa = PBXBuildFile; fileRef = 42EC4C672705F0140052B1CF /* AlcoholFreeUITests.swift */; };
		42EC4C6A2705F0150052B1CF /* AlcoholFreeUITestsLaunchTests.swift in Sources */ = {isa = PBXBuildFile; fileRef = 42EC4C692705F0150052B1CF /* AlcoholFreeUITestsLaunchTests.swift */; };
		BEEB41B9272168BA007ED9DE /* DrinkClassifierManager.swift in Sources */ = {isa = PBXBuildFile; fileRef = BEEB41B8272168BA007ED9DE /* DrinkClassifierManager.swift */; };
		BEEB41BE27217B07007ED9DE /* DrinkClassifier.mlmodel in Sources */ = {isa = PBXBuildFile; fileRef = BEEB41BD27217B07007ED9DE /* DrinkClassifier.mlmodel */; };
/* End PBXBuildFile section */

/* Begin PBXContainerItemProxy section */
		42EC4C362705F0110052B1CF /* PBXContainerItemProxy */ = {
			isa = PBXContainerItemProxy;
			containerPortal = 42EC4C2A2705F0110052B1CF /* Project object */;
			proxyType = 1;
			remoteGlobalIDString = 42EC4C332705F0110052B1CF;
			remoteInfo = "AlcoholFree WatchKit App";
		};
		42EC4C412705F0130052B1CF /* PBXContainerItemProxy */ = {
			isa = PBXContainerItemProxy;
			containerPortal = 42EC4C2A2705F0110052B1CF /* Project object */;
			proxyType = 1;
			remoteGlobalIDString = 42EC4C3E2705F0130052B1CF;
			remoteInfo = "AlcoholFree WatchKit Extension";
		};
		42EC4C5A2705F0140052B1CF /* PBXContainerItemProxy */ = {
			isa = PBXContainerItemProxy;
			containerPortal = 42EC4C2A2705F0110052B1CF /* Project object */;
			proxyType = 1;
			remoteGlobalIDString = 42EC4C3E2705F0130052B1CF;
			remoteInfo = "AlcoholFree WatchKit Extension";
		};
		42EC4C642705F0140052B1CF /* PBXContainerItemProxy */ = {
			isa = PBXContainerItemProxy;
			containerPortal = 42EC4C2A2705F0110052B1CF /* Project object */;
			proxyType = 1;
			remoteGlobalIDString = 42EC4C332705F0110052B1CF;
			remoteInfo = "AlcoholFree WatchKit App";
		};
/* End PBXContainerItemProxy section */

/* Begin PBXCopyFilesBuildPhase section */
		42EC4C702705F0150052B1CF /* Embed App Extensions */ = {
			isa = PBXCopyFilesBuildPhase;
			buildActionMask = 2147483647;
			dstPath = "";
			dstSubfolderSpec = 13;
			files = (
				42EC4C402705F0130052B1CF /* AlcoholFree WatchKit Extension.appex in Embed App Extensions */,
			);
			name = "Embed App Extensions";
			runOnlyForDeploymentPostprocessing = 0;
		};
		42EC4C742705F0150052B1CF /* Embed Watch Content */ = {
			isa = PBXCopyFilesBuildPhase;
			buildActionMask = 2147483647;
			dstPath = "$(CONTENTS_FOLDER_PATH)/Watch";
			dstSubfolderSpec = 16;
			files = (
				42EC4C352705F0110052B1CF /* AlcoholFree WatchKit App.app in Embed Watch Content */,
			);
			name = "Embed Watch Content";
			runOnlyForDeploymentPostprocessing = 0;
		};
/* End PBXCopyFilesBuildPhase section */

/* Begin PBXFileReference section */
		0C8DF0416B29D4A30480092E /* Pods-AlcoholFree WatchKit App.release.xcconfig */ = {isa = PBXFileReference; includeInIndex = 1; lastKnownFileType = text.xcconfig; name = "Pods-AlcoholFree WatchKit App.release.xcconfig"; path = "Target Support Files/Pods-AlcoholFree WatchKit App/Pods-AlcoholFree WatchKit App.release.xcconfig"; sourceTree = "<group>"; };
		2132ECB96AA147270A8344D2 /* Pods-AlcoholFree-AlcoholFreeUITests.debug.xcconfig */ = {isa = PBXFileReference; includeInIndex = 1; lastKnownFileType = text.xcconfig; name = "Pods-AlcoholFree-AlcoholFreeUITests.debug.xcconfig"; path = "Target Support Files/Pods-AlcoholFree-AlcoholFreeUITests/Pods-AlcoholFree-AlcoholFreeUITests.debug.xcconfig"; sourceTree = "<group>"; };
		29C70110E3A238750FF1DDFE /* Pods-AlcoholFree.debug.xcconfig */ = {isa = PBXFileReference; includeInIndex = 1; lastKnownFileType = text.xcconfig; name = "Pods-AlcoholFree.debug.xcconfig"; path = "Target Support Files/Pods-AlcoholFree/Pods-AlcoholFree.debug.xcconfig"; sourceTree = "<group>"; };
		427626F12717F639003C558F /* DetailView.swift */ = {isa = PBXFileReference; lastKnownFileType = sourcecode.swift; path = DetailView.swift; sourceTree = "<group>"; };
		427626F32718017D003C558F /* PaceView.swift */ = {isa = PBXFileReference; lastKnownFileType = sourcecode.swift; path = PaceView.swift; sourceTree = "<group>"; };
		427626F527180191003C558F /* EndView.swift */ = {isa = PBXFileReference; lastKnownFileType = sourcecode.swift; path = EndView.swift; sourceTree = "<group>"; };
		427626F727180286003C558F /* SummaryView.swift */ = {isa = PBXFileReference; lastKnownFileType = sourcecode.swift; path = SummaryView.swift; sourceTree = "<group>"; };
		42EC4C302705F0110052B1CF /* AlcoholFree.app */ = {isa = PBXFileReference; explicitFileType = wrapper.application; includeInIndex = 0; path = AlcoholFree.app; sourceTree = BUILT_PRODUCTS_DIR; };
		42EC4C342705F0110052B1CF /* AlcoholFree WatchKit App.app */ = {isa = PBXFileReference; explicitFileType = wrapper.application; includeInIndex = 0; path = "AlcoholFree WatchKit App.app"; sourceTree = BUILT_PRODUCTS_DIR; };
		42EC4C392705F0130052B1CF /* Assets.xcassets */ = {isa = PBXFileReference; lastKnownFileType = folder.assetcatalog; path = Assets.xcassets; sourceTree = "<group>"; };
		42EC4C3F2705F0130052B1CF /* AlcoholFree WatchKit Extension.appex */ = {isa = PBXFileReference; explicitFileType = "wrapper.app-extension"; includeInIndex = 0; path = "AlcoholFree WatchKit Extension.appex"; sourceTree = BUILT_PRODUCTS_DIR; };
		42EC4C442705F0130052B1CF /* AlcoholFreeApp.swift */ = {isa = PBXFileReference; lastKnownFileType = sourcecode.swift; path = AlcoholFreeApp.swift; sourceTree = "<group>"; };
		42EC4C462705F0130052B1CF /* ContentView.swift */ = {isa = PBXFileReference; lastKnownFileType = sourcecode.swift; path = ContentView.swift; sourceTree = "<group>"; };
		42EC4C482705F0130052B1CF /* NotificationController.swift */ = {isa = PBXFileReference; lastKnownFileType = sourcecode.swift; path = NotificationController.swift; sourceTree = "<group>"; };
		42EC4C4A2705F0130052B1CF /* NotificationView.swift */ = {isa = PBXFileReference; lastKnownFileType = sourcecode.swift; path = NotificationView.swift; sourceTree = "<group>"; };
		42EC4C4C2705F0130052B1CF /* ComplicationController.swift */ = {isa = PBXFileReference; lastKnownFileType = sourcecode.swift; path = ComplicationController.swift; sourceTree = "<group>"; };
		42EC4C4E2705F0140052B1CF /* Assets.xcassets */ = {isa = PBXFileReference; lastKnownFileType = folder.assetcatalog; path = Assets.xcassets; sourceTree = "<group>"; };
		42EC4C512705F0140052B1CF /* Preview Assets.xcassets */ = {isa = PBXFileReference; lastKnownFileType = folder.assetcatalog; path = "Preview Assets.xcassets"; sourceTree = "<group>"; };
		42EC4C532705F0140052B1CF /* Info.plist */ = {isa = PBXFileReference; lastKnownFileType = text.plist.xml; path = Info.plist; sourceTree = "<group>"; };
		42EC4C542705F0140052B1CF /* PushNotificationPayload.apns */ = {isa = PBXFileReference; lastKnownFileType = text; path = PushNotificationPayload.apns; sourceTree = "<group>"; };
		42EC4C592705F0140052B1CF /* AlcoholFreeTests.xctest */ = {isa = PBXFileReference; explicitFileType = wrapper.cfbundle; includeInIndex = 0; path = AlcoholFreeTests.xctest; sourceTree = BUILT_PRODUCTS_DIR; };
		42EC4C5D2705F0140052B1CF /* AlcoholFreeTests.swift */ = {isa = PBXFileReference; lastKnownFileType = sourcecode.swift; path = AlcoholFreeTests.swift; sourceTree = "<group>"; };
		42EC4C632705F0140052B1CF /* AlcoholFreeUITests.xctest */ = {isa = PBXFileReference; explicitFileType = wrapper.cfbundle; includeInIndex = 0; path = AlcoholFreeUITests.xctest; sourceTree = BUILT_PRODUCTS_DIR; };
		42EC4C672705F0140052B1CF /* AlcoholFreeUITests.swift */ = {isa = PBXFileReference; lastKnownFileType = sourcecode.swift; path = AlcoholFreeUITests.swift; sourceTree = "<group>"; };
		42EC4C692705F0150052B1CF /* AlcoholFreeUITestsLaunchTests.swift */ = {isa = PBXFileReference; lastKnownFileType = sourcecode.swift; path = AlcoholFreeUITestsLaunchTests.swift; sourceTree = "<group>"; };
		77C07025CC9099164112B9F2 /* Pods-AlcoholFree-AlcoholFreeUITests.release.xcconfig */ = {isa = PBXFileReference; includeInIndex = 1; lastKnownFileType = text.xcconfig; name = "Pods-AlcoholFree-AlcoholFreeUITests.release.xcconfig"; path = "Target Support Files/Pods-AlcoholFree-AlcoholFreeUITests/Pods-AlcoholFree-AlcoholFreeUITests.release.xcconfig"; sourceTree = "<group>"; };
		A056D826B17CA00CCB2DA787 /* Pods-AlcoholFree WatchKit Extension.release.xcconfig */ = {isa = PBXFileReference; includeInIndex = 1; lastKnownFileType = text.xcconfig; name = "Pods-AlcoholFree WatchKit Extension.release.xcconfig"; path = "Target Support Files/Pods-AlcoholFree WatchKit Extension/Pods-AlcoholFree WatchKit Extension.release.xcconfig"; sourceTree = "<group>"; };
		A677339FD5797CAAD384A704 /* Pods-AlcoholFree WatchKit Extension.debug.xcconfig */ = {isa = PBXFileReference; includeInIndex = 1; lastKnownFileType = text.xcconfig; name = "Pods-AlcoholFree WatchKit Extension.debug.xcconfig"; path = "Target Support Files/Pods-AlcoholFree WatchKit Extension/Pods-AlcoholFree WatchKit Extension.debug.xcconfig"; sourceTree = "<group>"; };
		A99EBB011D599AE41633A0B2 /* Pods-AlcoholFreeTests.debug.xcconfig */ = {isa = PBXFileReference; includeInIndex = 1; lastKnownFileType = text.xcconfig; name = "Pods-AlcoholFreeTests.debug.xcconfig"; path = "Target Support Files/Pods-AlcoholFreeTests/Pods-AlcoholFreeTests.debug.xcconfig"; sourceTree = "<group>"; };
		AA62E525176CA42697C2E971 /* Pods-AlcoholFreeTests.release.xcconfig */ = {isa = PBXFileReference; includeInIndex = 1; lastKnownFileType = text.xcconfig; name = "Pods-AlcoholFreeTests.release.xcconfig"; path = "Target Support Files/Pods-AlcoholFreeTests/Pods-AlcoholFreeTests.release.xcconfig"; sourceTree = "<group>"; };
		BE1785732721A0AC004E274F /* MyPlayground.playground */ = {isa = PBXFileReference; lastKnownFileType = file.playground; path = MyPlayground.playground; sourceTree = "<group>"; xcLanguageSpecificationIdentifier = xcode.lang.swift; };
		BEEB41B8272168BA007ED9DE /* DrinkClassifierManager.swift */ = {isa = PBXFileReference; lastKnownFileType = sourcecode.swift; path = DrinkClassifierManager.swift; sourceTree = "<group>"; };
		BEEB41BD27217B07007ED9DE /* DrinkClassifier.mlmodel */ = {isa = PBXFileReference; lastKnownFileType = file.mlmodel; path = DrinkClassifier.mlmodel; sourceTree = "<group>"; };
		DAD360B2904116F0B3D05F80 /* Pods-AlcoholFree WatchKit App.debug.xcconfig */ = {isa = PBXFileReference; includeInIndex = 1; lastKnownFileType = text.xcconfig; name = "Pods-AlcoholFree WatchKit App.debug.xcconfig"; path = "Target Support Files/Pods-AlcoholFree WatchKit App/Pods-AlcoholFree WatchKit App.debug.xcconfig"; sourceTree = "<group>"; };
		E0A47EB176A8CDEC2A050469 /* Pods-AlcoholFree.release.xcconfig */ = {isa = PBXFileReference; includeInIndex = 1; lastKnownFileType = text.xcconfig; name = "Pods-AlcoholFree.release.xcconfig"; path = "Target Support Files/Pods-AlcoholFree/Pods-AlcoholFree.release.xcconfig"; sourceTree = "<group>"; };
/* End PBXFileReference section */

/* Begin PBXFrameworksBuildPhase section */
		2BCEFF8BCB76876E84A5F884 /* Frameworks */ = {
			isa = PBXFrameworksBuildPhase;
			buildActionMask = 2147483647;
			files = (
			);
			runOnlyForDeploymentPostprocessing = 0;
		};
		42EC4C3C2705F0130052B1CF /* Frameworks */ = {
			isa = PBXFrameworksBuildPhase;
			buildActionMask = 2147483647;
			files = (
			);
			runOnlyForDeploymentPostprocessing = 0;
		};
		42EC4C562705F0140052B1CF /* Frameworks */ = {
			isa = PBXFrameworksBuildPhase;
			buildActionMask = 2147483647;
			files = (
			);
			runOnlyForDeploymentPostprocessing = 0;
		};
		42EC4C602705F0140052B1CF /* Frameworks */ = {
			isa = PBXFrameworksBuildPhase;
			buildActionMask = 2147483647;
			files = (
			);
			runOnlyForDeploymentPostprocessing = 0;
		};
		9AC1B82A77E3D0B18D925A81 /* Frameworks */ = {
			isa = PBXFrameworksBuildPhase;
			buildActionMask = 2147483647;
			files = (
			);
			runOnlyForDeploymentPostprocessing = 0;
		};
/* End PBXFrameworksBuildPhase section */

/* Begin PBXGroup section */
		42EC4C292705F0110052B1CF = {
			isa = PBXGroup;
			children = (
				42EC4C382705F0110052B1CF /* AlcoholFree WatchKit App */,
				42EC4C432705F0130052B1CF /* AlcoholFree WatchKit Extension */,
				42EC4C5C2705F0140052B1CF /* AlcoholFreeTests */,
				42EC4C662705F0140052B1CF /* AlcoholFreeUITests */,
				42EC4C312705F0110052B1CF /* Products */,
				CED1472F3CFBA119AD2D9C04 /* Pods */,
				BD0CDDB0E7CE2B43768506CD /* Frameworks */,
			);
			sourceTree = "<group>";
		};
		42EC4C312705F0110052B1CF /* Products */ = {
			isa = PBXGroup;
			children = (
				42EC4C302705F0110052B1CF /* AlcoholFree.app */,
				42EC4C342705F0110052B1CF /* AlcoholFree WatchKit App.app */,
				42EC4C3F2705F0130052B1CF /* AlcoholFree WatchKit Extension.appex */,
				42EC4C592705F0140052B1CF /* AlcoholFreeTests.xctest */,
				42EC4C632705F0140052B1CF /* AlcoholFreeUITests.xctest */,
			);
			name = Products;
			sourceTree = "<group>";
		};
		42EC4C382705F0110052B1CF /* AlcoholFree WatchKit App */ = {
			isa = PBXGroup;
			children = (
				42EC4C392705F0130052B1CF /* Assets.xcassets */,
			);
			path = "AlcoholFree WatchKit App";
			sourceTree = "<group>";
		};
		42EC4C432705F0130052B1CF /* AlcoholFree WatchKit Extension */ = {
			isa = PBXGroup;
			children = (
				BEFB02722721669A00AAC770 /* DrinkClassification */,
				427626F727180286003C558F /* SummaryView.swift */,
				427626F12717F639003C558F /* DetailView.swift */,
				427626F527180191003C558F /* EndView.swift */,
				427626F32718017D003C558F /* PaceView.swift */,
				42EC4C442705F0130052B1CF /* AlcoholFreeApp.swift */,
				42EC4C462705F0130052B1CF /* ContentView.swift */,
				42EC4C482705F0130052B1CF /* NotificationController.swift */,
				42EC4C4A2705F0130052B1CF /* NotificationView.swift */,
				42EC4C4C2705F0130052B1CF /* ComplicationController.swift */,
				42EC4C4E2705F0140052B1CF /* Assets.xcassets */,
				42EC4C532705F0140052B1CF /* Info.plist */,
				42EC4C542705F0140052B1CF /* PushNotificationPayload.apns */,
				42EC4C502705F0140052B1CF /* Preview Content */,
			);
			path = "AlcoholFree WatchKit Extension";
			sourceTree = "<group>";
		};
		42EC4C502705F0140052B1CF /* Preview Content */ = {
			isa = PBXGroup;
			children = (
				42EC4C512705F0140052B1CF /* Preview Assets.xcassets */,
			);
			path = "Preview Content";
			sourceTree = "<group>";
		};
		42EC4C5C2705F0140052B1CF /* AlcoholFreeTests */ = {
			isa = PBXGroup;
			children = (
				42EC4C5D2705F0140052B1CF /* AlcoholFreeTests.swift */,
			);
			path = AlcoholFreeTests;
			sourceTree = "<group>";
		};
		42EC4C662705F0140052B1CF /* AlcoholFreeUITests */ = {
			isa = PBXGroup;
			children = (
				42EC4C672705F0140052B1CF /* AlcoholFreeUITests.swift */,
				42EC4C692705F0150052B1CF /* AlcoholFreeUITestsLaunchTests.swift */,
			);
			path = AlcoholFreeUITests;
			sourceTree = "<group>";
		};
		BD0CDDB0E7CE2B43768506CD /* Frameworks */ = {
			isa = PBXGroup;
			children = (
			);
			name = Frameworks;
			sourceTree = "<group>";
		};
		BEFB02722721669A00AAC770 /* DrinkClassification */ = {
			isa = PBXGroup;
			children = (
				BEEB41BD27217B07007ED9DE /* DrinkClassifier.mlmodel */,
				BEEB41B8272168BA007ED9DE /* DrinkClassifierManager.swift */,
				BE1785732721A0AC004E274F /* MyPlayground.playground */,
			);
			path = DrinkClassification;
			sourceTree = "<group>";
		};
		CED1472F3CFBA119AD2D9C04 /* Pods */ = {
			isa = PBXGroup;
			children = (
				29C70110E3A238750FF1DDFE /* Pods-AlcoholFree.debug.xcconfig */,
				E0A47EB176A8CDEC2A050469 /* Pods-AlcoholFree.release.xcconfig */,
				DAD360B2904116F0B3D05F80 /* Pods-AlcoholFree WatchKit App.debug.xcconfig */,
				0C8DF0416B29D4A30480092E /* Pods-AlcoholFree WatchKit App.release.xcconfig */,
				A677339FD5797CAAD384A704 /* Pods-AlcoholFree WatchKit Extension.debug.xcconfig */,
				A056D826B17CA00CCB2DA787 /* Pods-AlcoholFree WatchKit Extension.release.xcconfig */,
				2132ECB96AA147270A8344D2 /* Pods-AlcoholFree-AlcoholFreeUITests.debug.xcconfig */,
				77C07025CC9099164112B9F2 /* Pods-AlcoholFree-AlcoholFreeUITests.release.xcconfig */,
				A99EBB011D599AE41633A0B2 /* Pods-AlcoholFreeTests.debug.xcconfig */,
				AA62E525176CA42697C2E971 /* Pods-AlcoholFreeTests.release.xcconfig */,
			);
			path = Pods;
			sourceTree = "<group>";
		};
/* End PBXGroup section */

/* Begin PBXNativeTarget section */
		42EC4C2F2705F0110052B1CF /* AlcoholFree */ = {
			isa = PBXNativeTarget;
			buildConfigurationList = 42EC4C752705F0150052B1CF /* Build configuration list for PBXNativeTarget "AlcoholFree" */;
			buildPhases = (
				C8F7DEE6A12369C5CFE7D83B /* [CP] Check Pods Manifest.lock */,
				42EC4C2E2705F0110052B1CF /* Resources */,
				42EC4C742705F0150052B1CF /* Embed Watch Content */,
				2BCEFF8BCB76876E84A5F884 /* Frameworks */,
			);
			buildRules = (
			);
			dependencies = (
				42EC4C372705F0110052B1CF /* PBXTargetDependency */,
			);
			name = AlcoholFree;
			productName = AlcoholFree;
			productReference = 42EC4C302705F0110052B1CF /* AlcoholFree.app */;
			productType = "com.apple.product-type.application.watchapp2-container";
		};
		42EC4C332705F0110052B1CF /* AlcoholFree WatchKit App */ = {
			isa = PBXNativeTarget;
			buildConfigurationList = 42EC4C712705F0150052B1CF /* Build configuration list for PBXNativeTarget "AlcoholFree WatchKit App" */;
			buildPhases = (
				CCA06259D68F93816934FF48 /* [CP] Check Pods Manifest.lock */,
				42EC4C322705F0110052B1CF /* Resources */,
				42EC4C702705F0150052B1CF /* Embed App Extensions */,
				9AC1B82A77E3D0B18D925A81 /* Frameworks */,
			);
			buildRules = (
			);
			dependencies = (
				42EC4C422705F0130052B1CF /* PBXTargetDependency */,
			);
			name = "AlcoholFree WatchKit App";
			productName = "AlcoholFree WatchKit App";
			productReference = 42EC4C342705F0110052B1CF /* AlcoholFree WatchKit App.app */;
			productType = "com.apple.product-type.application.watchapp2";
		};
		42EC4C3E2705F0130052B1CF /* AlcoholFree WatchKit Extension */ = {
			isa = PBXNativeTarget;
			buildConfigurationList = 42EC4C6D2705F0150052B1CF /* Build configuration list for PBXNativeTarget "AlcoholFree WatchKit Extension" */;
			buildPhases = (
				EE269F60C76E48B87F64CA1D /* [CP] Check Pods Manifest.lock */,
				42EC4C3B2705F0130052B1CF /* Sources */,
				42EC4C3C2705F0130052B1CF /* Frameworks */,
				42EC4C3D2705F0130052B1CF /* Resources */,
			);
			buildRules = (
			);
			dependencies = (
			);
			name = "AlcoholFree WatchKit Extension";
			productName = "AlcoholFree WatchKit Extension";
			productReference = 42EC4C3F2705F0130052B1CF /* AlcoholFree WatchKit Extension.appex */;
			productType = "com.apple.product-type.watchkit2-extension";
		};
		42EC4C582705F0140052B1CF /* AlcoholFreeTests */ = {
			isa = PBXNativeTarget;
			buildConfigurationList = 42EC4C782705F0150052B1CF /* Build configuration list for PBXNativeTarget "AlcoholFreeTests" */;
			buildPhases = (
				010222F7C5405170C85895FC /* [CP] Check Pods Manifest.lock */,
				42EC4C552705F0140052B1CF /* Sources */,
				42EC4C562705F0140052B1CF /* Frameworks */,
				42EC4C572705F0140052B1CF /* Resources */,
			);
			buildRules = (
			);
			dependencies = (
				42EC4C5B2705F0140052B1CF /* PBXTargetDependency */,
			);
			name = AlcoholFreeTests;
			productName = AlcoholFreeTests;
			productReference = 42EC4C592705F0140052B1CF /* AlcoholFreeTests.xctest */;
			productType = "com.apple.product-type.bundle.unit-test";
		};
		42EC4C622705F0140052B1CF /* AlcoholFreeUITests */ = {
			isa = PBXNativeTarget;
			buildConfigurationList = 42EC4C7B2705F0150052B1CF /* Build configuration list for PBXNativeTarget "AlcoholFreeUITests" */;
			buildPhases = (
				B3D9B714DA4D206201BFFB8C /* [CP] Check Pods Manifest.lock */,
				42EC4C5F2705F0140052B1CF /* Sources */,
				42EC4C602705F0140052B1CF /* Frameworks */,
				42EC4C612705F0140052B1CF /* Resources */,
			);
			buildRules = (
			);
			dependencies = (
				42EC4C652705F0140052B1CF /* PBXTargetDependency */,
			);
			name = AlcoholFreeUITests;
			productName = AlcoholFreeUITests;
			productReference = 42EC4C632705F0140052B1CF /* AlcoholFreeUITests.xctest */;
			productType = "com.apple.product-type.bundle.ui-testing";
		};
/* End PBXNativeTarget section */

/* Begin PBXProject section */
		42EC4C2A2705F0110052B1CF /* Project object */ = {
			isa = PBXProject;
			attributes = {
				BuildIndependentTargetsInParallel = 1;
				LastSwiftUpdateCheck = 1300;
				LastUpgradeCheck = 1300;
				TargetAttributes = {
					42EC4C2F2705F0110052B1CF = {
						CreatedOnToolsVersion = 13.0;
					};
					42EC4C332705F0110052B1CF = {
						CreatedOnToolsVersion = 13.0;
					};
					42EC4C3E2705F0130052B1CF = {
						CreatedOnToolsVersion = 13.0;
					};
					42EC4C582705F0140052B1CF = {
						CreatedOnToolsVersion = 13.0;
						TestTargetID = 42EC4C3E2705F0130052B1CF;
					};
					42EC4C622705F0140052B1CF = {
						CreatedOnToolsVersion = 13.0;
						TestTargetID = 42EC4C332705F0110052B1CF;
					};
				};
			};
			buildConfigurationList = 42EC4C2D2705F0110052B1CF /* Build configuration list for PBXProject "AlcoholFree" */;
			compatibilityVersion = "Xcode 13.0";
			developmentRegion = en;
			hasScannedForEncodings = 0;
			knownRegions = (
				en,
				Base,
			);
			mainGroup = 42EC4C292705F0110052B1CF;
			productRefGroup = 42EC4C312705F0110052B1CF /* Products */;
			projectDirPath = "";
			projectRoot = "";
			targets = (
				42EC4C2F2705F0110052B1CF /* AlcoholFree */,
				42EC4C332705F0110052B1CF /* AlcoholFree WatchKit App */,
				42EC4C3E2705F0130052B1CF /* AlcoholFree WatchKit Extension */,
				42EC4C582705F0140052B1CF /* AlcoholFreeTests */,
				42EC4C622705F0140052B1CF /* AlcoholFreeUITests */,
			);
		};
/* End PBXProject section */

/* Begin PBXResourcesBuildPhase section */
		42EC4C2E2705F0110052B1CF /* Resources */ = {
			isa = PBXResourcesBuildPhase;
			buildActionMask = 2147483647;
			files = (
			);
			runOnlyForDeploymentPostprocessing = 0;
		};
		42EC4C322705F0110052B1CF /* Resources */ = {
			isa = PBXResourcesBuildPhase;
			buildActionMask = 2147483647;
			files = (
				42EC4C3A2705F0130052B1CF /* Assets.xcassets in Resources */,
			);
			runOnlyForDeploymentPostprocessing = 0;
		};
		42EC4C3D2705F0130052B1CF /* Resources */ = {
			isa = PBXResourcesBuildPhase;
			buildActionMask = 2147483647;
			files = (
				42EC4C522705F0140052B1CF /* Preview Assets.xcassets in Resources */,
				42EC4C4F2705F0140052B1CF /* Assets.xcassets in Resources */,
			);
			runOnlyForDeploymentPostprocessing = 0;
		};
		42EC4C572705F0140052B1CF /* Resources */ = {
			isa = PBXResourcesBuildPhase;
			buildActionMask = 2147483647;
			files = (
			);
			runOnlyForDeploymentPostprocessing = 0;
		};
		42EC4C612705F0140052B1CF /* Resources */ = {
			isa = PBXResourcesBuildPhase;
			buildActionMask = 2147483647;
			files = (
			);
			runOnlyForDeploymentPostprocessing = 0;
		};
/* End PBXResourcesBuildPhase section */

/* Begin PBXShellScriptBuildPhase section */
		010222F7C5405170C85895FC /* [CP] Check Pods Manifest.lock */ = {
			isa = PBXShellScriptBuildPhase;
			buildActionMask = 2147483647;
			files = (
			);
			inputFileListPaths = (
			);
			inputPaths = (
				"${PODS_PODFILE_DIR_PATH}/Podfile.lock",
				"${PODS_ROOT}/Manifest.lock",
			);
			name = "[CP] Check Pods Manifest.lock";
			outputFileListPaths = (
			);
			outputPaths = (
				"$(DERIVED_FILE_DIR)/Pods-AlcoholFreeTests-checkManifestLockResult.txt",
			);
			runOnlyForDeploymentPostprocessing = 0;
			shellPath = /bin/sh;
			shellScript = "diff \"${PODS_PODFILE_DIR_PATH}/Podfile.lock\" \"${PODS_ROOT}/Manifest.lock\" > /dev/null\nif [ $? != 0 ] ; then\n    # print error to STDERR\n    echo \"error: The sandbox is not in sync with the Podfile.lock. Run 'pod install' or update your CocoaPods installation.\" >&2\n    exit 1\nfi\n# This output is used by Xcode 'outputs' to avoid re-running this script phase.\necho \"SUCCESS\" > \"${SCRIPT_OUTPUT_FILE_0}\"\n";
			showEnvVarsInLog = 0;
		};
		B3D9B714DA4D206201BFFB8C /* [CP] Check Pods Manifest.lock */ = {
			isa = PBXShellScriptBuildPhase;
			buildActionMask = 2147483647;
			files = (
			);
			inputFileListPaths = (
			);
			inputPaths = (
				"${PODS_PODFILE_DIR_PATH}/Podfile.lock",
				"${PODS_ROOT}/Manifest.lock",
			);
			name = "[CP] Check Pods Manifest.lock";
			outputFileListPaths = (
			);
			outputPaths = (
				"$(DERIVED_FILE_DIR)/Pods-AlcoholFree-AlcoholFreeUITests-checkManifestLockResult.txt",
			);
			runOnlyForDeploymentPostprocessing = 0;
			shellPath = /bin/sh;
			shellScript = "diff \"${PODS_PODFILE_DIR_PATH}/Podfile.lock\" \"${PODS_ROOT}/Manifest.lock\" > /dev/null\nif [ $? != 0 ] ; then\n    # print error to STDERR\n    echo \"error: The sandbox is not in sync with the Podfile.lock. Run 'pod install' or update your CocoaPods installation.\" >&2\n    exit 1\nfi\n# This output is used by Xcode 'outputs' to avoid re-running this script phase.\necho \"SUCCESS\" > \"${SCRIPT_OUTPUT_FILE_0}\"\n";
			showEnvVarsInLog = 0;
		};
		C8F7DEE6A12369C5CFE7D83B /* [CP] Check Pods Manifest.lock */ = {
			isa = PBXShellScriptBuildPhase;
			buildActionMask = 2147483647;
			files = (
			);
			inputFileListPaths = (
			);
			inputPaths = (
				"${PODS_PODFILE_DIR_PATH}/Podfile.lock",
				"${PODS_ROOT}/Manifest.lock",
			);
			name = "[CP] Check Pods Manifest.lock";
			outputFileListPaths = (
			);
			outputPaths = (
				"$(DERIVED_FILE_DIR)/Pods-AlcoholFree-checkManifestLockResult.txt",
			);
			runOnlyForDeploymentPostprocessing = 0;
			shellPath = /bin/sh;
			shellScript = "diff \"${PODS_PODFILE_DIR_PATH}/Podfile.lock\" \"${PODS_ROOT}/Manifest.lock\" > /dev/null\nif [ $? != 0 ] ; then\n    # print error to STDERR\n    echo \"error: The sandbox is not in sync with the Podfile.lock. Run 'pod install' or update your CocoaPods installation.\" >&2\n    exit 1\nfi\n# This output is used by Xcode 'outputs' to avoid re-running this script phase.\necho \"SUCCESS\" > \"${SCRIPT_OUTPUT_FILE_0}\"\n";
			showEnvVarsInLog = 0;
		};
		CCA06259D68F93816934FF48 /* [CP] Check Pods Manifest.lock */ = {
			isa = PBXShellScriptBuildPhase;
			buildActionMask = 2147483647;
			files = (
			);
			inputFileListPaths = (
			);
			inputPaths = (
				"${PODS_PODFILE_DIR_PATH}/Podfile.lock",
				"${PODS_ROOT}/Manifest.lock",
			);
			name = "[CP] Check Pods Manifest.lock";
			outputFileListPaths = (
			);
			outputPaths = (
				"$(DERIVED_FILE_DIR)/Pods-AlcoholFree WatchKit App-checkManifestLockResult.txt",
			);
			runOnlyForDeploymentPostprocessing = 0;
			shellPath = /bin/sh;
			shellScript = "diff \"${PODS_PODFILE_DIR_PATH}/Podfile.lock\" \"${PODS_ROOT}/Manifest.lock\" > /dev/null\nif [ $? != 0 ] ; then\n    # print error to STDERR\n    echo \"error: The sandbox is not in sync with the Podfile.lock. Run 'pod install' or update your CocoaPods installation.\" >&2\n    exit 1\nfi\n# This output is used by Xcode 'outputs' to avoid re-running this script phase.\necho \"SUCCESS\" > \"${SCRIPT_OUTPUT_FILE_0}\"\n";
			showEnvVarsInLog = 0;
		};
		EE269F60C76E48B87F64CA1D /* [CP] Check Pods Manifest.lock */ = {
			isa = PBXShellScriptBuildPhase;
			buildActionMask = 2147483647;
			files = (
			);
			inputFileListPaths = (
			);
			inputPaths = (
				"${PODS_PODFILE_DIR_PATH}/Podfile.lock",
				"${PODS_ROOT}/Manifest.lock",
			);
			name = "[CP] Check Pods Manifest.lock";
			outputFileListPaths = (
			);
			outputPaths = (
				"$(DERIVED_FILE_DIR)/Pods-AlcoholFree WatchKit Extension-checkManifestLockResult.txt",
			);
			runOnlyForDeploymentPostprocessing = 0;
			shellPath = /bin/sh;
			shellScript = "diff \"${PODS_PODFILE_DIR_PATH}/Podfile.lock\" \"${PODS_ROOT}/Manifest.lock\" > /dev/null\nif [ $? != 0 ] ; then\n    # print error to STDERR\n    echo \"error: The sandbox is not in sync with the Podfile.lock. Run 'pod install' or update your CocoaPods installation.\" >&2\n    exit 1\nfi\n# This output is used by Xcode 'outputs' to avoid re-running this script phase.\necho \"SUCCESS\" > \"${SCRIPT_OUTPUT_FILE_0}\"\n";
			showEnvVarsInLog = 0;
		};
/* End PBXShellScriptBuildPhase section */

/* Begin PBXSourcesBuildPhase section */
		42EC4C3B2705F0130052B1CF /* Sources */ = {
			isa = PBXSourcesBuildPhase;
			buildActionMask = 2147483647;
			files = (
				42EC4C492705F0130052B1CF /* NotificationController.swift in Sources */,
				BEEB41BE27217B07007ED9DE /* DrinkClassifier.mlmodel in Sources */,
				427626F22717F639003C558F /* DetailView.swift in Sources */,
				427626F627180191003C558F /* EndView.swift in Sources */,
				42EC4C472705F0130052B1CF /* ContentView.swift in Sources */,
				427626F42718017D003C558F /* PaceView.swift in Sources */,
				42EC4C4D2705F0130052B1CF /* ComplicationController.swift in Sources */,
				42EC4C452705F0130052B1CF /* AlcoholFreeApp.swift in Sources */,
				42EC4C4B2705F0130052B1CF /* NotificationView.swift in Sources */,
				427626F827180286003C558F /* SummaryView.swift in Sources */,
				BEEB41B9272168BA007ED9DE /* DrinkClassifierManager.swift in Sources */,
			);
			runOnlyForDeploymentPostprocessing = 0;
		};
		42EC4C552705F0140052B1CF /* Sources */ = {
			isa = PBXSourcesBuildPhase;
			buildActionMask = 2147483647;
			files = (
				42EC4C5E2705F0140052B1CF /* AlcoholFreeTests.swift in Sources */,
			);
			runOnlyForDeploymentPostprocessing = 0;
		};
		42EC4C5F2705F0140052B1CF /* Sources */ = {
			isa = PBXSourcesBuildPhase;
			buildActionMask = 2147483647;
			files = (
				42EC4C682705F0140052B1CF /* AlcoholFreeUITests.swift in Sources */,
				42EC4C6A2705F0150052B1CF /* AlcoholFreeUITestsLaunchTests.swift in Sources */,
			);
			runOnlyForDeploymentPostprocessing = 0;
		};
/* End PBXSourcesBuildPhase section */

/* Begin PBXTargetDependency section */
		42EC4C372705F0110052B1CF /* PBXTargetDependency */ = {
			isa = PBXTargetDependency;
			target = 42EC4C332705F0110052B1CF /* AlcoholFree WatchKit App */;
			targetProxy = 42EC4C362705F0110052B1CF /* PBXContainerItemProxy */;
		};
		42EC4C422705F0130052B1CF /* PBXTargetDependency */ = {
			isa = PBXTargetDependency;
			target = 42EC4C3E2705F0130052B1CF /* AlcoholFree WatchKit Extension */;
			targetProxy = 42EC4C412705F0130052B1CF /* PBXContainerItemProxy */;
		};
		42EC4C5B2705F0140052B1CF /* PBXTargetDependency */ = {
			isa = PBXTargetDependency;
			target = 42EC4C3E2705F0130052B1CF /* AlcoholFree WatchKit Extension */;
			targetProxy = 42EC4C5A2705F0140052B1CF /* PBXContainerItemProxy */;
		};
		42EC4C652705F0140052B1CF /* PBXTargetDependency */ = {
			isa = PBXTargetDependency;
			target = 42EC4C332705F0110052B1CF /* AlcoholFree WatchKit App */;
			targetProxy = 42EC4C642705F0140052B1CF /* PBXContainerItemProxy */;
		};
/* End PBXTargetDependency section */

/* Begin XCBuildConfiguration section */
		42EC4C6B2705F0150052B1CF /* Debug */ = {
			isa = XCBuildConfiguration;
			buildSettings = {
				ALWAYS_SEARCH_USER_PATHS = NO;
				CLANG_ANALYZER_NONNULL = YES;
				CLANG_ANALYZER_NUMBER_OBJECT_CONVERSION = YES_AGGRESSIVE;
				CLANG_CXX_LANGUAGE_STANDARD = "gnu++17";
				CLANG_CXX_LIBRARY = "libc++";
				CLANG_ENABLE_MODULES = YES;
				CLANG_ENABLE_OBJC_ARC = YES;
				CLANG_ENABLE_OBJC_WEAK = YES;
				CLANG_WARN_BLOCK_CAPTURE_AUTORELEASING = YES;
				CLANG_WARN_BOOL_CONVERSION = YES;
				CLANG_WARN_COMMA = YES;
				CLANG_WARN_CONSTANT_CONVERSION = YES;
				CLANG_WARN_DEPRECATED_OBJC_IMPLEMENTATIONS = YES;
				CLANG_WARN_DIRECT_OBJC_ISA_USAGE = YES_ERROR;
				CLANG_WARN_DOCUMENTATION_COMMENTS = YES;
				CLANG_WARN_EMPTY_BODY = YES;
				CLANG_WARN_ENUM_CONVERSION = YES;
				CLANG_WARN_INFINITE_RECURSION = YES;
				CLANG_WARN_INT_CONVERSION = YES;
				CLANG_WARN_NON_LITERAL_NULL_CONVERSION = YES;
				CLANG_WARN_OBJC_IMPLICIT_RETAIN_SELF = YES;
				CLANG_WARN_OBJC_LITERAL_CONVERSION = YES;
				CLANG_WARN_OBJC_ROOT_CLASS = YES_ERROR;
				CLANG_WARN_QUOTED_INCLUDE_IN_FRAMEWORK_HEADER = YES;
				CLANG_WARN_RANGE_LOOP_ANALYSIS = YES;
				CLANG_WARN_STRICT_PROTOTYPES = YES;
				CLANG_WARN_SUSPICIOUS_MOVE = YES;
				CLANG_WARN_UNGUARDED_AVAILABILITY = YES_AGGRESSIVE;
				CLANG_WARN_UNREACHABLE_CODE = YES;
				CLANG_WARN__DUPLICATE_METHOD_MATCH = YES;
				COPY_PHASE_STRIP = NO;
				DEBUG_INFORMATION_FORMAT = dwarf;
				ENABLE_STRICT_OBJC_MSGSEND = YES;
				ENABLE_TESTABILITY = YES;
				GCC_C_LANGUAGE_STANDARD = gnu11;
				GCC_DYNAMIC_NO_PIC = NO;
				GCC_NO_COMMON_BLOCKS = YES;
				GCC_OPTIMIZATION_LEVEL = 0;
				GCC_PREPROCESSOR_DEFINITIONS = (
					"DEBUG=1",
					"$(inherited)",
				);
				GCC_WARN_64_TO_32_BIT_CONVERSION = YES;
				GCC_WARN_ABOUT_RETURN_TYPE = YES_ERROR;
				GCC_WARN_UNDECLARED_SELECTOR = YES;
				GCC_WARN_UNINITIALIZED_AUTOS = YES_AGGRESSIVE;
				GCC_WARN_UNUSED_FUNCTION = YES;
				GCC_WARN_UNUSED_VARIABLE = YES;
				MTL_ENABLE_DEBUG_INFO = INCLUDE_SOURCE;
				MTL_FAST_MATH = YES;
				ONLY_ACTIVE_ARCH = YES;
				SDKROOT = iphoneos;
				SWIFT_ACTIVE_COMPILATION_CONDITIONS = DEBUG;
				SWIFT_OPTIMIZATION_LEVEL = "-Onone";
			};
			name = Debug;
		};
		42EC4C6C2705F0150052B1CF /* Release */ = {
			isa = XCBuildConfiguration;
			buildSettings = {
				ALWAYS_SEARCH_USER_PATHS = NO;
				CLANG_ANALYZER_NONNULL = YES;
				CLANG_ANALYZER_NUMBER_OBJECT_CONVERSION = YES_AGGRESSIVE;
				CLANG_CXX_LANGUAGE_STANDARD = "gnu++17";
				CLANG_CXX_LIBRARY = "libc++";
				CLANG_ENABLE_MODULES = YES;
				CLANG_ENABLE_OBJC_ARC = YES;
				CLANG_ENABLE_OBJC_WEAK = YES;
				CLANG_WARN_BLOCK_CAPTURE_AUTORELEASING = YES;
				CLANG_WARN_BOOL_CONVERSION = YES;
				CLANG_WARN_COMMA = YES;
				CLANG_WARN_CONSTANT_CONVERSION = YES;
				CLANG_WARN_DEPRECATED_OBJC_IMPLEMENTATIONS = YES;
				CLANG_WARN_DIRECT_OBJC_ISA_USAGE = YES_ERROR;
				CLANG_WARN_DOCUMENTATION_COMMENTS = YES;
				CLANG_WARN_EMPTY_BODY = YES;
				CLANG_WARN_ENUM_CONVERSION = YES;
				CLANG_WARN_INFINITE_RECURSION = YES;
				CLANG_WARN_INT_CONVERSION = YES;
				CLANG_WARN_NON_LITERAL_NULL_CONVERSION = YES;
				CLANG_WARN_OBJC_IMPLICIT_RETAIN_SELF = YES;
				CLANG_WARN_OBJC_LITERAL_CONVERSION = YES;
				CLANG_WARN_OBJC_ROOT_CLASS = YES_ERROR;
				CLANG_WARN_QUOTED_INCLUDE_IN_FRAMEWORK_HEADER = YES;
				CLANG_WARN_RANGE_LOOP_ANALYSIS = YES;
				CLANG_WARN_STRICT_PROTOTYPES = YES;
				CLANG_WARN_SUSPICIOUS_MOVE = YES;
				CLANG_WARN_UNGUARDED_AVAILABILITY = YES_AGGRESSIVE;
				CLANG_WARN_UNREACHABLE_CODE = YES;
				CLANG_WARN__DUPLICATE_METHOD_MATCH = YES;
				COPY_PHASE_STRIP = NO;
				DEBUG_INFORMATION_FORMAT = "dwarf-with-dsym";
				ENABLE_NS_ASSERTIONS = NO;
				ENABLE_STRICT_OBJC_MSGSEND = YES;
				GCC_C_LANGUAGE_STANDARD = gnu11;
				GCC_NO_COMMON_BLOCKS = YES;
				GCC_WARN_64_TO_32_BIT_CONVERSION = YES;
				GCC_WARN_ABOUT_RETURN_TYPE = YES_ERROR;
				GCC_WARN_UNDECLARED_SELECTOR = YES;
				GCC_WARN_UNINITIALIZED_AUTOS = YES_AGGRESSIVE;
				GCC_WARN_UNUSED_FUNCTION = YES;
				GCC_WARN_UNUSED_VARIABLE = YES;
				MTL_ENABLE_DEBUG_INFO = NO;
				MTL_FAST_MATH = YES;
				SDKROOT = iphoneos;
				SWIFT_COMPILATION_MODE = wholemodule;
				SWIFT_OPTIMIZATION_LEVEL = "-O";
				VALIDATE_PRODUCT = YES;
			};
			name = Release;
		};
		42EC4C6E2705F0150052B1CF /* Debug */ = {
			isa = XCBuildConfiguration;
			baseConfigurationReference = A677339FD5797CAAD384A704 /* Pods-AlcoholFree WatchKit Extension.debug.xcconfig */;
			buildSettings = {
				ASSETCATALOG_COMPILER_COMPLICATION_NAME = Complication;
				CODE_SIGN_STYLE = Automatic;
				CURRENT_PROJECT_VERSION = 1;
				DEVELOPMENT_ASSET_PATHS = "\"AlcoholFree WatchKit Extension/Preview Content\"";
				DEVELOPMENT_TEAM = GB5CDMBZQB;
				ENABLE_PREVIEWS = YES;
				GENERATE_INFOPLIST_FILE = YES;
				INFOPLIST_FILE = "AlcoholFree WatchKit Extension/Info.plist";
				INFOPLIST_KEY_CFBundleDisplayName = "AlcoholFree WatchKit Extension";
				INFOPLIST_KEY_CLKComplicationPrincipalClass = "$(PRODUCT_MODULE_NAME).ComplicationController";
				INFOPLIST_KEY_NSHumanReadableCopyright = "";
				INFOPLIST_KEY_WKWatchOnly = YES;
				LD_RUNPATH_SEARCH_PATHS = (
					"$(inherited)",
					"@executable_path/Frameworks",
					"@executable_path/../../Frameworks",
				);
				MARKETING_VERSION = 1.0;
				PRODUCT_BUNDLE_IDENTIFIER = com.shp7724.AlcoholFree.watchkitapp.watchkitextension;
				PRODUCT_NAME = "${TARGET_NAME}";
				SDKROOT = watchos;
				SKIP_INSTALL = YES;
				SWIFT_EMIT_LOC_STRINGS = YES;
				SWIFT_VERSION = 5.0;
				TARGETED_DEVICE_FAMILY = 4;
				WATCHOS_DEPLOYMENT_TARGET = 8.0;
			};
			name = Debug;
		};
		42EC4C6F2705F0150052B1CF /* Release */ = {
			isa = XCBuildConfiguration;
			baseConfigurationReference = A056D826B17CA00CCB2DA787 /* Pods-AlcoholFree WatchKit Extension.release.xcconfig */;
			buildSettings = {
				ASSETCATALOG_COMPILER_COMPLICATION_NAME = Complication;
				CODE_SIGN_STYLE = Automatic;
				CURRENT_PROJECT_VERSION = 1;
				DEVELOPMENT_ASSET_PATHS = "\"AlcoholFree WatchKit Extension/Preview Content\"";
				DEVELOPMENT_TEAM = GB5CDMBZQB;
				ENABLE_PREVIEWS = YES;
				GENERATE_INFOPLIST_FILE = YES;
				INFOPLIST_FILE = "AlcoholFree WatchKit Extension/Info.plist";
				INFOPLIST_KEY_CFBundleDisplayName = "AlcoholFree WatchKit Extension";
				INFOPLIST_KEY_CLKComplicationPrincipalClass = "$(PRODUCT_MODULE_NAME).ComplicationController";
				INFOPLIST_KEY_NSHumanReadableCopyright = "";
				INFOPLIST_KEY_WKWatchOnly = YES;
				LD_RUNPATH_SEARCH_PATHS = (
					"$(inherited)",
					"@executable_path/Frameworks",
					"@executable_path/../../Frameworks",
				);
				MARKETING_VERSION = 1.0;
				PRODUCT_BUNDLE_IDENTIFIER = com.shp7724.AlcoholFree.watchkitapp.watchkitextension;
				PRODUCT_NAME = "${TARGET_NAME}";
				SDKROOT = watchos;
				SKIP_INSTALL = YES;
				SWIFT_EMIT_LOC_STRINGS = YES;
				SWIFT_VERSION = 5.0;
				TARGETED_DEVICE_FAMILY = 4;
				WATCHOS_DEPLOYMENT_TARGET = 8.0;
			};
			name = Release;
		};
		42EC4C722705F0150052B1CF /* Debug */ = {
			isa = XCBuildConfiguration;
			baseConfigurationReference = DAD360B2904116F0B3D05F80 /* Pods-AlcoholFree WatchKit App.debug.xcconfig */;
			buildSettings = {
				ALWAYS_EMBED_SWIFT_STANDARD_LIBRARIES = YES;
				ASSETCATALOG_COMPILER_APPICON_NAME = AppIcon;
				ASSETCATALOG_COMPILER_GLOBAL_ACCENT_COLOR_NAME = AccentColor;
				CODE_SIGN_STYLE = Automatic;
				CURRENT_PROJECT_VERSION = 1;
				DEVELOPMENT_TEAM = GB5CDMBZQB;
				GENERATE_INFOPLIST_FILE = YES;
				IBSC_MODULE = AlcoholFree_WatchKit_Extension;
				INFOPLIST_KEY_CFBundleDisplayName = "AlcoholFree WatchKit App";
				INFOPLIST_KEY_UISupportedInterfaceOrientations = "UIInterfaceOrientationPortrait UIInterfaceOrientationPortraitUpsideDown";
				MARKETING_VERSION = 1.0;
				PRODUCT_BUNDLE_IDENTIFIER = com.shp7724.AlcoholFree.watchkitapp;
				PRODUCT_NAME = "$(TARGET_NAME)";
				SDKROOT = watchos;
				SKIP_INSTALL = YES;
				SWIFT_EMIT_LOC_STRINGS = YES;
				SWIFT_VERSION = 5.0;
				TARGETED_DEVICE_FAMILY = 4;
				WATCHOS_DEPLOYMENT_TARGET = 8.0;
			};
			name = Debug;
		};
		42EC4C732705F0150052B1CF /* Release */ = {
			isa = XCBuildConfiguration;
			baseConfigurationReference = 0C8DF0416B29D4A30480092E /* Pods-AlcoholFree WatchKit App.release.xcconfig */;
			buildSettings = {
				ALWAYS_EMBED_SWIFT_STANDARD_LIBRARIES = YES;
				ASSETCATALOG_COMPILER_APPICON_NAME = AppIcon;
				ASSETCATALOG_COMPILER_GLOBAL_ACCENT_COLOR_NAME = AccentColor;
				CODE_SIGN_STYLE = Automatic;
				CURRENT_PROJECT_VERSION = 1;
				DEVELOPMENT_TEAM = 5V36KPM3TT;
				GENERATE_INFOPLIST_FILE = YES;
				IBSC_MODULE = AlcoholFree_WatchKit_Extension;
				INFOPLIST_KEY_CFBundleDisplayName = "AlcoholFree WatchKit App";
				INFOPLIST_KEY_UISupportedInterfaceOrientations = "UIInterfaceOrientationPortrait UIInterfaceOrientationPortraitUpsideDown";
				MARKETING_VERSION = 1.0;
				PRODUCT_BUNDLE_IDENTIFIER = com.shp7724.AlcoholFree.watchkitapp;
				PRODUCT_NAME = "$(TARGET_NAME)";
				SDKROOT = watchos;
				SKIP_INSTALL = YES;
				SWIFT_EMIT_LOC_STRINGS = YES;
				SWIFT_VERSION = 5.0;
				TARGETED_DEVICE_FAMILY = 4;
				WATCHOS_DEPLOYMENT_TARGET = 8.0;
			};
			name = Release;
		};
		42EC4C762705F0150052B1CF /* Debug */ = {
			isa = XCBuildConfiguration;
			baseConfigurationReference = 29C70110E3A238750FF1DDFE /* Pods-AlcoholFree.debug.xcconfig */;
			buildSettings = {
				CODE_SIGN_STYLE = Automatic;
				CURRENT_PROJECT_VERSION = 1;
				DEVELOPMENT_TEAM = GB5CDMBZQB;
				MARKETING_VERSION = 1.0;
				PRODUCT_BUNDLE_IDENTIFIER = com.shp7724.AlcoholFree;
				PRODUCT_NAME = "$(TARGET_NAME)";
				SWIFT_VERSION = 5.0;
			};
			name = Debug;
		};
		42EC4C772705F0150052B1CF /* Release */ = {
			isa = XCBuildConfiguration;
			baseConfigurationReference = E0A47EB176A8CDEC2A050469 /* Pods-AlcoholFree.release.xcconfig */;
			buildSettings = {
				CODE_SIGN_STYLE = Automatic;
				CURRENT_PROJECT_VERSION = 1;
				DEVELOPMENT_TEAM = 5V36KPM3TT;
				MARKETING_VERSION = 1.0;
				PRODUCT_BUNDLE_IDENTIFIER = com.shp7724.AlcoholFree;
				PRODUCT_NAME = "$(TARGET_NAME)";
				SWIFT_VERSION = 5.0;
			};
			name = Release;
		};
		42EC4C792705F0150052B1CF /* Debug */ = {
			isa = XCBuildConfiguration;
			baseConfigurationReference = A99EBB011D599AE41633A0B2 /* Pods-AlcoholFreeTests.debug.xcconfig */;
			buildSettings = {
				ALWAYS_EMBED_SWIFT_STANDARD_LIBRARIES = YES;
				BUNDLE_LOADER = "$(TEST_HOST)";
				CODE_SIGN_STYLE = Automatic;
				CURRENT_PROJECT_VERSION = 1;
				DEVELOPMENT_TEAM = 5V36KPM3TT;
				GENERATE_INFOPLIST_FILE = YES;
				LD_RUNPATH_SEARCH_PATHS = (
					"$(inherited)",
					"@executable_path/Frameworks",
					"@loader_path/Frameworks",
				);
				MARKETING_VERSION = 1.0;
				PRODUCT_BUNDLE_IDENTIFIER = com.shp7724.AlcoholFreeTests;
				PRODUCT_NAME = "$(TARGET_NAME)";
				SDKROOT = watchos;
				SWIFT_EMIT_LOC_STRINGS = NO;
				SWIFT_VERSION = 5.0;
				TARGETED_DEVICE_FAMILY = 4;
				TEST_HOST = "$(BUILT_PRODUCTS_DIR)/AlcoholFree WatchKit Extension.appex/AlcoholFree WatchKit Extension";
				WATCHOS_DEPLOYMENT_TARGET = 8.0;
			};
			name = Debug;
		};
		42EC4C7A2705F0150052B1CF /* Release */ = {
			isa = XCBuildConfiguration;
			baseConfigurationReference = AA62E525176CA42697C2E971 /* Pods-AlcoholFreeTests.release.xcconfig */;
			buildSettings = {
				ALWAYS_EMBED_SWIFT_STANDARD_LIBRARIES = YES;
				BUNDLE_LOADER = "$(TEST_HOST)";
				CODE_SIGN_STYLE = Automatic;
				CURRENT_PROJECT_VERSION = 1;
				DEVELOPMENT_TEAM = 5V36KPM3TT;
				GENERATE_INFOPLIST_FILE = YES;
				LD_RUNPATH_SEARCH_PATHS = (
					"$(inherited)",
					"@executable_path/Frameworks",
					"@loader_path/Frameworks",
				);
				MARKETING_VERSION = 1.0;
				PRODUCT_BUNDLE_IDENTIFIER = com.shp7724.AlcoholFreeTests;
				PRODUCT_NAME = "$(TARGET_NAME)";
				SDKROOT = watchos;
				SWIFT_EMIT_LOC_STRINGS = NO;
				SWIFT_VERSION = 5.0;
				TARGETED_DEVICE_FAMILY = 4;
				TEST_HOST = "$(BUILT_PRODUCTS_DIR)/AlcoholFree WatchKit Extension.appex/AlcoholFree WatchKit Extension";
				WATCHOS_DEPLOYMENT_TARGET = 8.0;
			};
			name = Release;
		};
		42EC4C7C2705F0150052B1CF /* Debug */ = {
			isa = XCBuildConfiguration;
			baseConfigurationReference = 2132ECB96AA147270A8344D2 /* Pods-AlcoholFree-AlcoholFreeUITests.debug.xcconfig */;
			buildSettings = {
				CODE_SIGN_STYLE = Automatic;
				CURRENT_PROJECT_VERSION = 1;
				DEVELOPMENT_TEAM = 5V36KPM3TT;
				GENERATE_INFOPLIST_FILE = YES;
				LD_RUNPATH_SEARCH_PATHS = (
					"$(inherited)",
					"@executable_path/Frameworks",
					"@loader_path/Frameworks",
				);
				MARKETING_VERSION = 1.0;
				PRODUCT_BUNDLE_IDENTIFIER = com.shp7724.AlcoholFreeUITests;
				PRODUCT_NAME = "$(TARGET_NAME)";
				SDKROOT = watchos;
				SWIFT_EMIT_LOC_STRINGS = NO;
				SWIFT_VERSION = 5.0;
				TARGETED_DEVICE_FAMILY = 4;
				TEST_TARGET_NAME = "AlcoholFree WatchKit App";
				WATCHOS_DEPLOYMENT_TARGET = 8.0;
			};
			name = Debug;
		};
		42EC4C7D2705F0150052B1CF /* Release */ = {
			isa = XCBuildConfiguration;
			baseConfigurationReference = 77C07025CC9099164112B9F2 /* Pods-AlcoholFree-AlcoholFreeUITests.release.xcconfig */;
			buildSettings = {
				CODE_SIGN_STYLE = Automatic;
				CURRENT_PROJECT_VERSION = 1;
				DEVELOPMENT_TEAM = 5V36KPM3TT;
				GENERATE_INFOPLIST_FILE = YES;
				LD_RUNPATH_SEARCH_PATHS = (
					"$(inherited)",
					"@executable_path/Frameworks",
					"@loader_path/Frameworks",
				);
				MARKETING_VERSION = 1.0;
				PRODUCT_BUNDLE_IDENTIFIER = com.shp7724.AlcoholFreeUITests;
				PRODUCT_NAME = "$(TARGET_NAME)";
				SDKROOT = watchos;
				SWIFT_EMIT_LOC_STRINGS = NO;
				SWIFT_VERSION = 5.0;
				TARGETED_DEVICE_FAMILY = 4;
				TEST_TARGET_NAME = "AlcoholFree WatchKit App";
				WATCHOS_DEPLOYMENT_TARGET = 8.0;
			};
			name = Release;
		};
/* End XCBuildConfiguration section */

/* Begin XCConfigurationList section */
		42EC4C2D2705F0110052B1CF /* Build configuration list for PBXProject "AlcoholFree" */ = {
			isa = XCConfigurationList;
			buildConfigurations = (
				42EC4C6B2705F0150052B1CF /* Debug */,
				42EC4C6C2705F0150052B1CF /* Release */,
			);
			defaultConfigurationIsVisible = 0;
			defaultConfigurationName = Release;
		};
		42EC4C6D2705F0150052B1CF /* Build configuration list for PBXNativeTarget "AlcoholFree WatchKit Extension" */ = {
			isa = XCConfigurationList;
			buildConfigurations = (
				42EC4C6E2705F0150052B1CF /* Debug */,
				42EC4C6F2705F0150052B1CF /* Release */,
			);
			defaultConfigurationIsVisible = 0;
			defaultConfigurationName = Release;
		};
		42EC4C712705F0150052B1CF /* Build configuration list for PBXNativeTarget "AlcoholFree WatchKit App" */ = {
			isa = XCConfigurationList;
			buildConfigurations = (
				42EC4C722705F0150052B1CF /* Debug */,
				42EC4C732705F0150052B1CF /* Release */,
			);
			defaultConfigurationIsVisible = 0;
			defaultConfigurationName = Release;
		};
		42EC4C752705F0150052B1CF /* Build configuration list for PBXNativeTarget "AlcoholFree" */ = {
			isa = XCConfigurationList;
			buildConfigurations = (
				42EC4C762705F0150052B1CF /* Debug */,
				42EC4C772705F0150052B1CF /* Release */,
			);
			defaultConfigurationIsVisible = 0;
			defaultConfigurationName = Release;
		};
		42EC4C782705F0150052B1CF /* Build configuration list for PBXNativeTarget "AlcoholFreeTests" */ = {
			isa = XCConfigurationList;
			buildConfigurations = (
				42EC4C792705F0150052B1CF /* Debug */,
				42EC4C7A2705F0150052B1CF /* Release */,
			);
			defaultConfigurationIsVisible = 0;
			defaultConfigurationName = Release;
		};
		42EC4C7B2705F0150052B1CF /* Build configuration list for PBXNativeTarget "AlcoholFreeUITests" */ = {
			isa = XCConfigurationList;
			buildConfigurations = (
				42EC4C7C2705F0150052B1CF /* Debug */,
				42EC4C7D2705F0150052B1CF /* Release */,
			);
			defaultConfigurationIsVisible = 0;
			defaultConfigurationName = Release;
		};
/* End XCConfigurationList section */
	};
	rootObject = 42EC4C2A2705F0110052B1CF /* Project object */;
}
