{
  "object": {
    "pins": [
      {
        "package": "SwiftUICharts",
        "repositoryURL": "https://github.com/shp7724/SwiftUICharts",
        "state": {
          "branch": "main",
          "revision": "b7b2cbef02ac7c08a6c9ade401fb71d069fd3cfd",
          "version": null
        }
      }
    ]
  },
  "version": 1
}
